
Microsoft Visual Studio Solution File, Format Version 12.00
# Visual Studio Version 16
VisualStudioVersion = 16.0.28803.202
MinimumVisualStudioVersion = 10.0.40219.1
Project("{FAE04EC0-301F-11D3-BF4B-00C04F79EFBC}") = "Isracard.Tests", "Isracard.Tests\Isracard.Tests.csproj", "{C1AB7C50-4C97-4317-A205-A2B53AA1BE04}"
EndProject
Project("{FAE04EC0-301F-11D3-BF4B-00C04F79EFBC}") = "Isracard.Web.UI", "Isracard.Web.UI\Isracard.Web.UI.csproj", "{C25C231D-9A70-4201-B175-0A0E5D007B2F}"
EndProject
Project("{9A19103F-16F7-4668-BE54-9A1E7A4F7556}") = "Isracard.Core", "Isracard.Core\Isracard.Core.csproj", "{851765CE-1A4B-4364-9EFA-D4B0B47D28FC}"
EndProject
Global
	GlobalSection(SolutionConfigurationPlatforms) = preSolution
		Debug|Any CPU = Debug|Any CPU
		Release|Any CPU = Release|Any CPU
	EndGlobalSection
	GlobalSection(ProjectConfigurationPlatforms) = postSolution
		{C1AB7C50-4C97-4317-A205-A2B53AA1BE04}.Debug|Any CPU.ActiveCfg = Debug|Any CPU
		{C1AB7C50-4C97-4317-A205-A2B53AA1BE04}.Debug|Any CPU.Build.0 = Debug|Any CPU
		{C1AB7C50-4C97-4317-A205-A2B53AA1BE04}.Release|Any CPU.ActiveCfg = Release|Any CPU
		{C1AB7C50-4C97-4317-A205-A2B53AA1BE04}.Release|Any CPU.Build.0 = Release|Any CPU
		{C25C231D-9A70-4201-B175-0A0E5D007B2F}.Debug|Any CPU.ActiveCfg = Debug|Any CPU
		{C25C231D-9A70-4201-B175-0A0E5D007B2F}.Debug|Any CPU.Build.0 = Debug|Any CPU
		{C25C231D-9A70-4201-B175-0A0E5D007B2F}.Release|Any CPU.ActiveCfg = Release|Any CPU
		{C25C231D-9A70-4201-B175-0A0E5D007B2F}.Release|Any CPU.Build.0 = Release|Any CPU
		{851765CE-1A4B-4364-9EFA-D4B0B47D28FC}.Debug|Any CPU.ActiveCfg = Debug|Any CPU
		{851765CE-1A4B-4364-9EFA-D4B0B47D28FC}.Debug|Any CPU.Build.0 = Debug|Any CPU
		{851765CE-1A4B-4364-9EFA-D4B0B47D28FC}.Release|Any CPU.ActiveCfg = Release|Any CPU
		{851765CE-1A4B-4364-9EFA-D4B0B47D28FC}.Release|Any CPU.Build.0 = Release|Any CPU
	EndGlobalSection
	GlobalSection(SolutionProperties) = preSolution
		HideSolutionNode = FALSE
	EndGlobalSection
	GlobalSection(ExtensibilityGlobals) = postSolution
		SolutionGuid = {7C769C73-00AA-44F0-83F5-B166A8EBDFAD}
	EndGlobalSection
EndGlobal
